// !$*UTF8*$!
{
	archiveVersion = 1;
	classes = {
	};
	objectVersion = 56;
	objects = {

/* Begin PBXBuildFile section */
		BF28D9A82C59E98A00A90D74 /* ASM1App.swift in Sources */ = {isa = PBXBuildFile; fileRef = BF28D9A72C59E98A00A90D74 /* ASM1App.swift */; };
		BF28D9AA2C59E98A00A90D74 /* ContentView.swift in Sources */ = {isa = PBXBuildFile; fileRef = BF28D9A92C59E98A00A90D74 /* ContentView.swift */; };
		BF28D9AC2C59E98D00A90D74 /* Assets.xcassets in Resources */ = {isa = PBXBuildFile; fileRef = BF28D9AB2C59E98D00A90D74 /* Assets.xcassets */; };
		BF28D9B02C59E98D00A90D74 /* Preview Assets.xcassets in Resources */ = {isa = PBXBuildFile; fileRef = BF28D9AF2C59E98D00A90D74 /* Preview Assets.xcassets */; };
		BF28D9BA2C59E98F00A90D74 /* ASM1Tests.swift in Sources */ = {isa = PBXBuildFile; fileRef = BF28D9B92C59E98F00A90D74 /* ASM1Tests.swift */; };
		BF28D9C42C59E98F00A90D74 /* ASM1UITests.swift in Sources */ = {isa = PBXBuildFile; fileRef = BF28D9C32C59E98F00A90D74 /* ASM1UITests.swift */; };
		BF28D9C62C59E98F00A90D74 /* ASM1UITestsLaunchTests.swift in Sources */ = {isa = PBXBuildFile; fileRef = BF28D9C52C59E98F00A90D74 /* ASM1UITestsLaunchTests.swift */; };
/* End PBXBuildFile section */

/* Begin PBXContainerItemProxy section */
		BF28D9B62C59E98F00A90D74 /* PBXContainerItemProxy */ = {
			isa = PBXContainerItemProxy;
			containerPortal = BF28D99C2C59E98A00A90D74 /* Project object */;
			proxyType = 1;
			remoteGlobalIDString = BF28D9A32C59E98A00A90D74;
			remoteInfo = ASM1;
		};
		BF28D9C02C59E98F00A90D74 /* PBXContainerItemProxy */ = {
			isa = PBXContainerItemProxy;
			containerPortal = BF28D99C2C59E98A00A90D74 /* Project object */;
			proxyType = 1;
			remoteGlobalIDString = BF28D9A32C59E98A00A90D74;
			remoteInfo = ASM1;
		};
/* End PBXContainerItemProxy section */

/* Begin PBXFileReference section */
		BF28D9A42C59E98A00A90D74 /* ASM1.app */ = {isa = PBXFileReference; explicitFileType = wrapper.application; includeInIndex = 0; path = ASM1.app; sourceTree = BUILT_PRODUCTS_DIR; };
		BF28D9A72C59E98A00A90D74 /* ASM1App.swift */ = {isa = PBXFileReference; lastKnownFileType = sourcecode.swift; path = ASM1App.swift; sourceTree = "<group>"; };
		BF28D9A92C59E98A00A90D74 /* ContentView.swift */ = {isa = PBXFileReference; lastKnownFileType = sourcecode.swift; path = ContentView.swift; sourceTree = "<group>"; };
		BF28D9AB2C59E98D00A90D74 /* Assets.xcassets */ = {isa = PBXFileReference; lastKnownFileType = folder.assetcatalog; path = Assets.xcassets; sourceTree = "<group>"; };
		BF28D9AD2C59E98D00A90D74 /* ASM1.entitlements */ = {isa = PBXFileReference; lastKnownFileType = text.plist.entitlements; path = ASM1.entitlements; sourceTree = "<group>"; };
		BF28D9AF2C59E98D00A90D74 /* Preview Assets.xcassets */ = {isa = PBXFileReference; lastKnownFileType = folder.assetcatalog; path = "Preview Assets.xcassets"; sourceTree = "<group>"; };
		BF28D9B52C59E98F00A90D74 /* ASM1Tests.xctest */ = {isa = PBXFileReference; explicitFileType = wrapper.cfbundle; includeInIndex = 0; path = ASM1Tests.xctest; sourceTree = BUILT_PRODUCTS_DIR; };
		BF28D9B92C59E98F00A90D74 /* ASM1Tests.swift */ = {isa = PBXFileReference; lastKnownFileType = sourcecode.swift; path = ASM1Tests.swift; sourceTree = "<group>"; };
		BF28D9BF2C59E98F00A90D74 /* ASM1UITests.xctest */ = {isa = PBXFileReference; explicitFileType = wrapper.cfbundle; includeInIndex = 0; path = ASM1UITests.xctest; sourceTree = BUILT_PRODUCTS_DIR; };
		BF28D9C32C59E98F00A90D74 /* ASM1UITests.swift */ = {isa = PBXFileReference; lastKnownFileType = sourcecode.swift; path = ASM1UITests.swift; sourceTree = "<group>"; };
		BF28D9C52C59E98F00A90D74 /* ASM1UITestsLaunchTests.swift */ = {isa = PBXFileReference; lastKnownFileType = sourcecode.swift; path = ASM1UITestsLaunchTests.swift; sourceTree = "<group>"; };
/* End PBXFileReference section */

/* Begin PBXFrameworksBuildPhase section */
		BF28D9A12C59E98A00A90D74 /* Frameworks */ = {
			isa = PBXFrameworksBuildPhase;
			buildActionMask = 2147483647;
			files = (
			);
			runOnlyForDeploymentPostprocessing = 0;
		};
		BF28D9B22C59E98F00A90D74 /* Frameworks */ = {
			isa = PBXFrameworksBuildPhase;
			buildActionMask = 2147483647;
			files = (
			);
			runOnlyForDeploymentPostprocessing = 0;
		};
		BF28D9BC2C59E98F00A90D74 /* Frameworks */ = {
			isa = PBXFrameworksBuildPhase;
			buildActionMask = 2147483647;
			files = (
			);
			runOnlyForDeploymentPostprocessing = 0;
		};
/* End PBXFrameworksBuildPhase section */

/* Begin PBXGroup section */
		BF28D99B2C59E98A00A90D74 = {
			isa = PBXGroup;
			children = (
				BF28D9A62C59E98A00A90D74 /* ASM1 */,
				BF28D9B82C59E98F00A90D74 /* ASM1Tests */,
				BF28D9C22C59E98F00A90D74 /* ASM1UITests */,
				BF28D9A52C59E98A00A90D74 /* Products */,
			);
			sourceTree = "<group>";
		};
		BF28D9A52C59E98A00A90D74 /* Products */ = {
			isa = PBXGroup;
			children = (
				BF28D9A42C59E98A00A90D74 /* ASM1.app */,
				BF28D9B52C59E98F00A90D74 /* ASM1Tests.xctest */,
				BF28D9BF2C59E98F00A90D74 /* ASM1UITests.xctest */,
			);
			name = Products;
			sourceTree = "<group>";
		};
		BF28D9A62C59E98A00A90D74 /* ASM1 */ = {
			isa = PBXGroup;
			children = (
				BF28D9A72C59E98A00A90D74 /* ASM1App.swift */,
				BF28D9A92C59E98A00A90D74 /* ContentView.swift */,
				BF28D9AB2C59E98D00A90D74 /* Assets.xcassets */,
				BF28D9AD2C59E98D00A90D74 /* ASM1.entitlements */,
				BF28D9AE2C59E98D00A90D74 /* Preview Content */,
			);
			path = ASM1;
			sourceTree = "<group>";
		};
		BF28D9AE2C59E98D00A90D74 /* Preview Content */ = {
			isa = PBXGroup;
			children = (
				BF28D9AF2C59E98D00A90D74 /* Preview Assets.xcassets */,
			);
			path = "Preview Content";
			sourceTree = "<group>";
		};
		BF28D9B82C59E98F00A90D74 /* ASM1Tests */ = {
			isa = PBXGroup;
			children = (
				BF28D9B92C59E98F00A90D74 /* ASM1Tests.swift */,
			);
			path = ASM1Tests;
			sourceTree = "<group>";
		};
		BF28D9C22C59E98F00A90D74 /* ASM1UITests */ = {
			isa = PBXGroup;
			children = (
				BF28D9C32C59E98F00A90D74 /* ASM1UITests.swift */,
				BF28D9C52C59E98F00A90D74 /* ASM1UITestsLaunchTests.swift */,
			);
			path = ASM1UITests;
			sourceTree = "<group>";
		};
/* End PBXGroup section */

/* Begin PBXNativeTarget section */
		BF28D9A32C59E98A00A90D74 /* ASM1 */ = {
			isa = PBXNativeTarget;
			buildConfigurationList = BF28D9C92C59E98F00A90D74 /* Build configuration list for PBXNativeTarget "ASM1" */;
			buildPhases = (
				BF28D9A02C59E98A00A90D74 /* Sources */,
				BF28D9A12C59E98A00A90D74 /* Frameworks */,
				BF28D9A22C59E98A00A90D74 /* Resources */,
			);
			buildRules = (
			);
			dependencies = (
			);
			name = ASM1;
			productName = ASM1;
			productReference = BF28D9A42C59E98A00A90D74 /* ASM1.app */;
			productType = "com.apple.product-type.application";
		};
		BF28D9B42C59E98F00A90D74 /* ASM1Tests */ = {
			isa = PBXNativeTarget;
			buildConfigurationList = BF28D9CC2C59E98F00A90D74 /* Build configuration list for PBXNativeTarget "ASM1Tests" */;
			buildPhases = (
				BF28D9B12C59E98F00A90D74 /* Sources */,
				BF28D9B22C59E98F00A90D74 /* Frameworks */,
				BF28D9B32C59E98F00A90D74 /* Resources */,
			);
			buildRules = (
			);
			dependencies = (
				BF28D9B72C59E98F00A90D74 /* PBXTargetDependency */,
			);
			name = ASM1Tests;
			productName = ASM1Tests;
			productReference = BF28D9B52C59E98F00A90D74 /* ASM1Tests.xctest */;
			productType = "com.apple.product-type.bundle.unit-test";
		};
		BF28D9BE2C59E98F00A90D74 /* ASM1UITests */ = {
			isa = PBXNativeTarget;
			buildConfigurationList = BF28D9CF2C59E98F00A90D74 /* Build configuration list for PBXNativeTarget "ASM1UITests" */;
			buildPhases = (
				BF28D9BB2C59E98F00A90D74 /* Sources */,
				BF28D9BC2C59E98F00A90D74 /* Frameworks */,
				BF28D9BD2C59E98F00A90D74 /* Resources */,
			);
			buildRules = (
			);
			dependencies = (
				BF28D9C12C59E98F00A90D74 /* PBXTargetDependency */,
			);
			name = ASM1UITests;
			productName = ASM1UITests;
			productReference = BF28D9BF2C59E98F00A90D74 /* ASM1UITests.xctest */;
			productType = "com.apple.product-type.bundle.ui-testing";
		};
/* End PBXNativeTarget section */

/* Begin PBXProject section */
		BF28D99C2C59E98A00A90D74 /* Project object */ = {
			isa = PBXProject;
			attributes = {
				BuildIndependentTargetsInParallel = 1;
				LastSwiftUpdateCheck = 1540;
				LastUpgradeCheck = 1540;
				TargetAttributes = {
					BF28D9A32C59E98A00A90D74 = {
						CreatedOnToolsVersion = 15.4;
					};
					BF28D9B42C59E98F00A90D74 = {
						CreatedOnToolsVersion = 15.4;
						TestTargetID = BF28D9A32C59E98A00A90D74;
					};
					BF28D9BE2C59E98F00A90D74 = {
						CreatedOnToolsVersion = 15.4;
						TestTargetID = BF28D9A32C59E98A00A90D74;
					};
				};
			};
			buildConfigurationList = BF28D99F2C59E98A00A90D74 /* Build configuration list for PBXProject "ASM1" */;
			compatibilityVersion = "Xcode 14.0";
			developmentRegion = en;
			hasScannedForEncodings = 0;
			knownRegions = (
				en,
				Base,
			);
			mainGroup = BF28D99B2C59E98A00A90D74;
			productRefGroup = BF28D9A52C59E98A00A90D74 /* Products */;
			projectDirPath = "";
			projectRoot = "";
			targets = (
				BF28D9A32C59E98A00A90D74 /* ASM1 */,
				BF28D9B42C59E98F00A90D74 /* ASM1Tests */,
				BF28D9BE2C59E98F00A90D74 /* ASM1UITests */,
			);
		};
/* End PBXProject section */

/* Begin PBXResourcesBuildPhase section */
		BF28D9A22C59E98A00A90D74 /* Resources */ = {
			isa = PBXResourcesBuildPhase;
			buildActionMask = 2147483647;
			files = (
				BF28D9B02C59E98D00A90D74 /* Preview Assets.xcassets in Resources */,
				BF28D9AC2C59E98D00A90D74 /* Assets.xcassets in Resources */,
			);
			runOnlyForDeploymentPostprocessing = 0;
		};
		BF28D9B32C59E98F00A90D74 /* Resources */ = {
			isa = PBXResourcesBuildPhase;
			buildActionMask = 2147483647;
			files = (
			);
			runOnlyForDeploymentPostprocessing = 0;
		};
		BF28D9BD2C59E98F00A90D74 /* Resources */ = {
			isa = PBXResourcesBuildPhase;
			buildActionMask = 2147483647;
			files = (
			);
			runOnlyForDeploymentPostprocessing = 0;
		};
/* End PBXResourcesBuildPhase section */

/* Begin PBXSourcesBuildPhase section */
		BF28D9A02C59E98A00A90D74 /* Sources */ = {
			isa = PBXSourcesBuildPhase;
			buildActionMask = 2147483647;
			files = (
				BF28D9AA2C59E98A00A90D74 /* ContentView.swift in Sources */,
				BF28D9A82C59E98A00A90D74 /* ASM1App.swift in Sources */,
			);
			runOnlyForDeploymentPostprocessing = 0;
		};
		BF28D9B12C59E98F00A90D74 /* Sources */ = {
			isa = PBXSourcesBuildPhase;
			buildActionMask = 2147483647;
			files = (
				BF28D9BA2C59E98F00A90D74 /* ASM1Tests.swift in Sources */,
			);
			runOnlyForDeploymentPostprocessing = 0;
		};
		BF28D9BB2C59E98F00A90D74 /* Sources */ = {
			isa = PBXSourcesBuildPhase;
			buildActionMask = 2147483647;
			files = (
				BF28D9C62C59E98F00A90D74 /* ASM1UITestsLaunchTests.swift in Sources */,
				BF28D9C42C59E98F00A90D74 /* ASM1UITests.swift in Sources */,
			);
			runOnlyForDeploymentPostprocessing = 0;
		};
/* End PBXSourcesBuildPhase section */

/* Begin PBXTargetDependency section */
		BF28D9B72C59E98F00A90D74 /* PBXTargetDependency */ = {
			isa = PBXTargetDependency;
			target = BF28D9A32C59E98A00A90D74 /* ASM1 */;
			targetProxy = BF28D9B62C59E98F00A90D74 /* PBXContainerItemProxy */;
		};
		BF28D9C12C59E98F00A90D74 /* PBXTargetDependency */ = {
			isa = PBXTargetDependency;
			target = BF28D9A32C59E98A00A90D74 /* ASM1 */;
			targetProxy = BF28D9C02C59E98F00A90D74 /* PBXContainerItemProxy */;
		};
/* End PBXTargetDependency section */

/* Begin XCBuildConfiguration section */
		BF28D9C72C59E98F00A90D74 /* Debug */ = {
			isa = XCBuildConfiguration;
			buildSettings = {
				ALWAYS_SEARCH_USER_PATHS = NO;
				ASSETCATALOG_COMPILER_GENERATE_SWIFT_ASSET_SYMBOL_EXTENSIONS = YES;
				CLANG_ANALYZER_NONNULL = YES;
				CLANG_ANALYZER_NUMBER_OBJECT_CONVERSION = YES_AGGRESSIVE;
				CLANG_CXX_LANGUAGE_STANDARD = "gnu++20";
				CLANG_ENABLE_MODULES = YES;
				CLANG_ENABLE_OBJC_ARC = YES;
				CLANG_ENABLE_OBJC_WEAK = YES;
				CLANG_WARN_BLOCK_CAPTURE_AUTORELEASING = YES;
				CLANG_WARN_BOOL_CONVERSION = YES;
				CLANG_WARN_COMMA = YES;
				CLANG_WARN_CONSTANT_CONVERSION = YES;
				CLANG_WARN_DEPRECATED_OBJC_IMPLEMENTATIONS = YES;
				CLANG_WARN_DIRECT_OBJC_ISA_USAGE = YES_ERROR;
				CLANG_WARN_DOCUMENTATION_COMMENTS = YES;
				CLANG_WARN_EMPTY_BODY = YES;
				CLANG_WARN_ENUM_CONVERSION = YES;
				CLANG_WARN_INFINITE_RECURSION = YES;
				CLANG_WARN_INT_CONVERSION = YES;
				CLANG_WARN_NON_LITERAL_NULL_CONVERSION = YES;
				CLANG_WARN_OBJC_IMPLICIT_RETAIN_SELF = YES;
				CLANG_WARN_OBJC_LITERAL_CONVERSION = YES;
				CLANG_WARN_OBJC_ROOT_CLASS = YES_ERROR;
				CLANG_WARN_QUOTED_INCLUDE_IN_FRAMEWORK_HEADER = YES;
				CLANG_WARN_RANGE_LOOP_ANALYSIS = YES;
				CLANG_WARN_STRICT_PROTOTYPES = YES;
				CLANG_WARN_SUSPICIOUS_MOVE = YES;
				CLANG_WARN_UNGUARDED_AVAILABILITY = YES_AGGRESSIVE;
				CLANG_WARN_UNREACHABLE_CODE = YES;
				CLANG_WARN__DUPLICATE_METHOD_MATCH = YES;
				COPY_PHASE_STRIP = NO;
				DEBUG_INFORMATION_FORMAT = dwarf;
				ENABLE_STRICT_OBJC_MSGSEND = YES;
				ENABLE_TESTABILITY = YES;
				ENABLE_USER_SCRIPT_SANDBOXING = YES;
				GCC_C_LANGUAGE_STANDARD = gnu17;
				GCC_DYNAMIC_NO_PIC = NO;
				GCC_NO_COMMON_BLOCKS = YES;
				GCC_OPTIMIZATION_LEVEL = 0;
				GCC_PREPROCESSOR_DEFINITIONS = (
					"DEBUG=1",
					"$(inherited)",
				);
				GCC_WARN_64_TO_32_BIT_CONVERSION = YES;
				GCC_WARN_ABOUT_RETURN_TYPE = YES_ERROR;
				GCC_WARN_UNDECLARED_SELECTOR = YES;
				GCC_WARN_UNINITIALIZED_AUTOS = YES_AGGRESSIVE;
				GCC_WARN_UNUSED_FUNCTION = YES;
				GCC_WARN_UNUSED_VARIABLE = YES;
				LOCALIZATION_PREFERS_STRING_CATALOGS = YES;
				MTL_ENABLE_DEBUG_INFO = INCLUDE_SOURCE;
				MTL_FAST_MATH = YES;
				ONLY_ACTIVE_ARCH = YES;
				SWIFT_ACTIVE_COMPILATION_CONDITIONS = "DEBUG $(inherited)";
				SWIFT_OPTIMIZATION_LEVEL = "-Onone";
			};
			name = Debug;
		};
		BF28D9C82C59E98F00A90D74 /* Release */ = {
			isa = XCBuildConfiguration;
			buildSettings = {
				ALWAYS_SEARCH_USER_PATHS = NO;
				ASSETCATALOG_COMPILER_GENERATE_SWIFT_ASSET_SYMBOL_EXTENSIONS = YES;
				CLANG_ANALYZER_NONNULL = YES;
				CLANG_ANALYZER_NUMBER_OBJECT_CONVERSION = YES_AGGRESSIVE;
				CLANG_CXX_LANGUAGE_STANDARD = "gnu++20";
				CLANG_ENABLE_MODULES = YES;
				CLANG_ENABLE_OBJC_ARC = YES;
				CLANG_ENABLE_OBJC_WEAK = YES;
				CLANG_WARN_BLOCK_CAPTURE_AUTORELEASING = YES;
				CLANG_WARN_BOOL_CONVERSION = YES;
				CLANG_WARN_COMMA = YES;
				CLANG_WARN_CONSTANT_CONVERSION = YES;
				CLANG_WARN_DEPRECATED_OBJC_IMPLEMENTATIONS = YES;
				CLANG_WARN_DIRECT_OBJC_ISA_USAGE = YES_ERROR;
				CLANG_WARN_DOCUMENTATION_COMMENTS = YES;
				CLANG_WARN_EMPTY_BODY = YES;
				CLANG_WARN_ENUM_CONVERSION = YES;
				CLANG_WARN_INFINITE_RECURSION = YES;
				CLANG_WARN_INT_CONVERSION = YES;
				CLANG_WARN_NON_LITERAL_NULL_CONVERSION = YES;
				CLANG_WARN_OBJC_IMPLICIT_RETAIN_SELF = YES;
				CLANG_WARN_OBJC_LITERAL_CONVERSION = YES;
				CLANG_WARN_OBJC_ROOT_CLASS = YES_ERROR;
				CLANG_WARN_QUOTED_INCLUDE_IN_FRAMEWORK_HEADER = YES;
				CLANG_WARN_RANGE_LOOP_ANALYSIS = YES;
				CLANG_WARN_STRICT_PROTOTYPES = YES;
				CLANG_WARN_SUSPICIOUS_MOVE = YES;
				CLANG_WARN_UNGUARDED_AVAILABILITY = YES_AGGRESSIVE;
				CLANG_WARN_UNREACHABLE_CODE = YES;
				CLANG_WARN__DUPLICATE_METHOD_MATCH = YES;
				COPY_PHASE_STRIP = NO;
				DEBUG_INFORMATION_FORMAT = "dwarf-with-dsym";
				ENABLE_NS_ASSERTIONS = NO;
				ENABLE_STRICT_OBJC_MSGSEND = YES;
				ENABLE_USER_SCRIPT_SANDBOXING = YES;
				GCC_C_LANGUAGE_STANDARD = gnu17;
				GCC_NO_COMMON_BLOCKS = YES;
				GCC_WARN_64_TO_32_BIT_CONVERSION = YES;
				GCC_WARN_ABOUT_RETURN_TYPE = YES_ERROR;
				GCC_WARN_UNDECLARED_SELECTOR = YES;
				GCC_WARN_UNINITIALIZED_AUTOS = YES_AGGRESSIVE;
				GCC_WARN_UNUSED_FUNCTION = YES;
				GCC_WARN_UNUSED_VARIABLE = YES;
				LOCALIZATION_PREFERS_STRING_CATALOGS = YES;
				MTL_ENABLE_DEBUG_INFO = NO;
				MTL_FAST_MATH = YES;
				SWIFT_COMPILATION_MODE = wholemodule;
			};
			name = Release;
		};
		BF28D9CA2C59E98F00A90D74 /* Debug */ = {
			isa = XCBuildConfiguration;
			buildSettings = {
				ASSETCATALOG_COMPILER_APPICON_NAME = AppIcon;
				ASSETCATALOG_COMPILER_GLOBAL_ACCENT_COLOR_NAME = AccentColor;
				CODE_SIGN_ENTITLEMENTS = ASM1/ASM1.entitlements;
				CODE_SIGN_STYLE = Automatic;
				CURRENT_PROJECT_VERSION = 1;
				DEVELOPMENT_ASSET_PATHS = "\"ASM1/Preview Content\"";
				DEVELOPMENT_TEAM = SFFXA7YSJP;
				ENABLE_HARDENED_RUNTIME = YES;
				ENABLE_PREVIEWS = YES;
				GENERATE_INFOPLIST_FILE = YES;
				"INFOPLIST_KEY_UIApplicationSceneManifest_Generation[sdk=iphoneos*]" = YES;
				"INFOPLIST_KEY_UIApplicationSceneManifest_Generation[sdk=iphonesimulator*]" = YES;
				"INFOPLIST_KEY_UIApplicationSupportsIndirectInputEvents[sdk=iphoneos*]" = YES;
				"INFOPLIST_KEY_UIApplicationSupportsIndirectInputEvents[sdk=iphonesimulator*]" = YES;
				"INFOPLIST_KEY_UILaunchScreen_Generation[sdk=iphoneos*]" = YES;
				"INFOPLIST_KEY_UILaunchScreen_Generation[sdk=iphonesimulator*]" = YES;
				"INFOPLIST_KEY_UIStatusBarStyle[sdk=iphoneos*]" = UIStatusBarStyleDefault;
				"INFOPLIST_KEY_UIStatusBarStyle[sdk=iphonesimulator*]" = UIStatusBarStyleDefault;
				INFOPLIST_KEY_UISupportedInterfaceOrientations_iPad = "UIInterfaceOrientationPortrait UIInterfaceOrientationPortraitUpsideDown UIInterfaceOrientationLandscapeLeft UIInterfaceOrientationLandscapeRight";
				INFOPLIST_KEY_UISupportedInterfaceOrientations_iPhone = "UIInterfaceOrientationPortrait UIInterfaceOrientationLandscapeLeft UIInterfaceOrientationLandscapeRight";
				IPHONEOS_DEPLOYMENT_TARGET = 17.5;
				LD_RUNPATH_SEARCH_PATHS = "@executable_path/Frameworks";
				"LD_RUNPATH_SEARCH_PATHS[sdk=macosx*]" = "@executable_path/../Frameworks";
				MACOSX_DEPLOYMENT_TARGET = 14.5;
				MARKETING_VERSION = 1.0;
				PRODUCT_BUNDLE_IDENTIFIER = iOSapp.ASM1;
				PRODUCT_NAME = "$(TARGET_NAME)";
				SDKROOT = auto;
				SUPPORTED_PLATFORMS = "iphoneos iphonesimulator macosx";
				SWIFT_EMIT_LOC_STRINGS = YES;
				SWIFT_VERSION = 5.0;
				TARGETED_DEVICE_FAMILY = "1,2";
			};
			name = Debug;
		};
		BF28D9CB2C59E98F00A90D74 /* Release */ = {
			isa = XCBuildConfiguration;
			buildSettings = {
				ASSETCATALOG_COMPILER_APPICON_NAME = AppIcon;
				ASSETCATALOG_COMPILER_GLOBAL_ACCENT_COLOR_NAME = AccentColor;
				CODE_SIGN_ENTITLEMENTS = ASM1/ASM1.entitlements;
				CODE_SIGN_STYLE = Automatic;
				CURRENT_PROJECT_VERSION = 1;
				DEVELOPMENT_ASSET_PATHS = "\"ASM1/Preview Content\"";
				DEVELOPMENT_TEAM = SFFXA7YSJP;
				ENABLE_HARDENED_RUNTIME = YES;
				ENABLE_PREVIEWS = YES;
				GENERATE_INFOPLIST_FILE = YES;
				"INFOPLIST_KEY_UIApplicationSceneManifest_Generation[sdk=iphoneos*]" = YES;
				"INFOPLIST_KEY_UIApplicationSceneManifest_Generation[sdk=iphonesimulator*]" = YES;
				"INFOPLIST_KEY_UIApplicationSupportsIndirectInputEvents[sdk=iphoneos*]" = YES;
				"INFOPLIST_KEY_UIApplicationSupportsIndirectInputEvents[sdk=iphonesimulator*]" = YES;
				"INFOPLIST_KEY_UILaunchScreen_Generation[sdk=iphoneos*]" = YES;
				"INFOPLIST_KEY_UILaunchScreen_Generation[sdk=iphonesimulator*]" = YES;
				"INFOPLIST_KEY_UIStatusBarStyle[sdk=iphoneos*]" = UIStatusBarStyleDefault;
				"INFOPLIST_KEY_UIStatusBarStyle[sdk=iphonesimulator*]" = UIStatusBarStyleDefault;
				INFOPLIST_KEY_UISupportedInterfaceOrientations_iPad = "UIInterfaceOrientationPortrait UIInterfaceOrientationPortraitUpsideDown UIInterfaceOrientationLandscapeLeft UIInterfaceOrientationLandscapeRight";
				INFOPLIST_KEY_UISupportedInterfaceOrientations_iPhone = "UIInterfaceOrientationPortrait UIInterfaceOrientationLandscapeLeft UIInterfaceOrientationLandscapeRight";
				IPHONEOS_DEPLOYMENT_TARGET = 17.5;
				LD_RUNPATH_SEARCH_PATHS = "@executable_path/Frameworks";
				"LD_RUNPATH_SEARCH_PATHS[sdk=macosx*]" = "@executable_path/../Frameworks";
				MACOSX_DEPLOYMENT_TARGET = 14.5;
				MARKETING_VERSION = 1.0;
				PRODUCT_BUNDLE_IDENTIFIER = iOSapp.ASM1;
				PRODUCT_NAME = "$(TARGET_NAME)";
				SDKROOT = auto;
				SUPPORTED_PLATFORMS = "iphoneos iphonesimulator macosx";
				SWIFT_EMIT_LOC_STRINGS = YES;
				SWIFT_VERSION = 5.0;
				TARGETED_DEVICE_FAMILY = "1,2";
			};
			name = Release;
		};
		BF28D9CD2C59E98F00A90D74 /* Debug */ = {
			isa = XCBuildConfiguration;
			buildSettings = {
				ALWAYS_EMBED_SWIFT_STANDARD_LIBRARIES = YES;
				BUNDLE_LOADER = "$(TEST_HOST)";
				CODE_SIGN_STYLE = Automatic;
				CURRENT_PROJECT_VERSION = 1;
				DEVELOPMENT_TEAM = SFFXA7YSJP;
				GENERATE_INFOPLIST_FILE = YES;
				IPHONEOS_DEPLOYMENT_TARGET = 17.5;
				MACOSX_DEPLOYMENT_TARGET = 14.5;
				MARKETING_VERSION = 1.0;
				PRODUCT_BUNDLE_IDENTIFIER = iOSapp.ASM1Tests;
				PRODUCT_NAME = "$(TARGET_NAME)";
				SDKROOT = auto;
				SUPPORTED_PLATFORMS = "iphoneos iphonesimulator macosx";
				SWIFT_EMIT_LOC_STRINGS = NO;
				SWIFT_VERSION = 5.0;
				TARGETED_DEVICE_FAMILY = "1,2";
				TEST_HOST = "$(BUILT_PRODUCTS_DIR)/ASM1.app/$(BUNDLE_EXECUTABLE_FOLDER_PATH)/ASM1";
			};
			name = Debug;
		};
		BF28D9CE2C59E98F00A90D74 /* Release */ = {
			isa = XCBuildConfiguration;
			buildSettings = {
				ALWAYS_EMBED_SWIFT_STANDARD_LIBRARIES = YES;
				BUNDLE_LOADER = "$(TEST_HOST)";
				CODE_SIGN_STYLE = Automatic;
				CURRENT_PROJECT_VERSION = 1;
				DEVELOPMENT_TEAM = SFFXA7YSJP;
				GENERATE_INFOPLIST_FILE = YES;
				IPHONEOS_DEPLOYMENT_TARGET = 17.5;
				MACOSX_DEPLOYMENT_TARGET = 14.5;
				MARKETING_VERSION = 1.0;
				PRODUCT_BUNDLE_IDENTIFIER = iOSapp.ASM1Tests;
				PRODUCT_NAME = "$(TARGET_NAME)";
				SDKROOT = auto;
				SUPPORTED_PLATFORMS = "iphoneos iphonesimulator macosx";
				SWIFT_EMIT_LOC_STRINGS = NO;
				SWIFT_VERSION = 5.0;
				TARGETED_DEVICE_FAMILY = "1,2";
				TEST_HOST = "$(BUILT_PRODUCTS_DIR)/ASM1.app/$(BUNDLE_EXECUTABLE_FOLDER_PATH)/ASM1";
			};
			name = Release;
		};
		BF28D9D02C59E98F00A90D74 /* Debug */ = {
			isa = XCBuildConfiguration;
			buildSettings = {
				ALWAYS_EMBED_SWIFT_STANDARD_LIBRARIES = YES;
				CODE_SIGN_STYLE = Automatic;
				CURRENT_PROJECT_VERSION = 1;
				DEVELOPMENT_TEAM = SFFXA7YSJP;
				GENERATE_INFOPLIST_FILE = YES;
				IPHONEOS_DEPLOYMENT_TARGET = 17.5;
				MACOSX_DEPLOYMENT_TARGET = 14.5;
				MARKETING_VERSION = 1.0;
				PRODUCT_BUNDLE_IDENTIFIER = iOSapp.ASM1UITests;
				PRODUCT_NAME = "$(TARGET_NAME)";
				SDKROOT = auto;
				SUPPORTED_PLATFORMS = "iphoneos iphonesimulator macosx";
				SWIFT_EMIT_LOC_STRINGS = NO;
				SWIFT_VERSION = 5.0;
				TARGETED_DEVICE_FAMILY = "1,2";
				TEST_TARGET_NAME = ASM1;
			};
			name = Debug;
		};
		BF28D9D12C59E98F00A90D74 /* Release */ = {
			isa = XCBuildConfiguration;
			buildSettings = {
				ALWAYS_EMBED_SWIFT_STANDARD_LIBRARIES = YES;
				CODE_SIGN_STYLE = Automatic;
				CURRENT_PROJECT_VERSION = 1;
				DEVELOPMENT_TEAM = SFFXA7YSJP;
				GENERATE_INFOPLIST_FILE = YES;
				IPHONEOS_DEPLOYMENT_TARGET = 17.5;
				MACOSX_DEPLOYMENT_TARGET = 14.5;
				MARKETING_VERSION = 1.0;
				PRODUCT_BUNDLE_IDENTIFIER = iOSapp.ASM1UITests;
				PRODUCT_NAME = "$(TARGET_NAME)";
				SDKROOT = auto;
				SUPPORTED_PLATFORMS = "iphoneos iphonesimulator macosx";
				SWIFT_EMIT_LOC_STRINGS = NO;
				SWIFT_VERSION = 5.0;
				TARGETED_DEVICE_FAMILY = "1,2";
				TEST_TARGET_NAME = ASM1;
			};
			name = Release;
		};
/* End XCBuildConfiguration section */

/* Begin XCConfigurationList section */
		BF28D99F2C59E98A00A90D74 /* Build configuration list for PBXProject "ASM1" */ = {
			isa = XCConfigurationList;
			buildConfigurations = (
				BF28D9C72C59E98F00A90D74 /* Debug */,
				BF28D9C82C59E98F00A90D74 /* Release */,
			);
			defaultConfigurationIsVisible = 0;
			defaultConfigurationName = Release;
		};
		BF28D9C92C59E98F00A90D74 /* Build configuration list for PBXNativeTarget "ASM1" */ = {
			isa = XCConfigurationList;
			buildConfigurations = (
				BF28D9CA2C59E98F00A90D74 /* Debug */,
				BF28D9CB2C59E98F00A90D74 /* Release */,
			);
			defaultConfigurationIsVisible = 0;
			defaultConfigurationName = Release;
		};
		BF28D9CC2C59E98F00A90D74 /* Build configuration list for PBXNativeTarget "ASM1Tests" */ = {
			isa = XCConfigurationList;
			buildConfigurations = (
				BF28D9CD2C59E98F00A90D74 /* Debug */,
				BF28D9CE2C59E98F00A90D74 /* Release */,
			);
			defaultConfigurationIsVisible = 0;
			defaultConfigurationName = Release;
		};
		BF28D9CF2C59E98F00A90D74 /* Build configuration list for PBXNativeTarget "ASM1UITests" */ = {
			isa = XCConfigurationList;
			buildConfigurations = (
				BF28D9D02C59E98F00A90D74 /* Debug */,
				BF28D9D12C59E98F00A90D74 /* Release */,
			);
			defaultConfigurationIsVisible = 0;
			defaultConfigurationName = Release;
		};
/* End XCConfigurationList section */
	};
	rootObject = BF28D99C2C59E98A00A90D74 /* Project object */;
}
